
Microsoft Visual Studio Solution File, Format Version 12.00
# Visual Studio Version 17
VisualStudioVersion = 17.10.35013.160
MinimumVisualStudioVersion = 10.0.40219.1
Project("{FAE04EC0-301F-11D3-BF4B-00C04F79EFBC}") = "Soru_4", "Soru_4\Soru_4.csproj", "{939D6278-A8CE-41F9-BA44-A6454F605DC5}"
EndProject
Global
	GlobalSection(SolutionConfigurationPlatforms) = preSolution
		Debug|Any CPU = Debug|Any CPU
		Release|Any CPU = Release|Any CPU
	EndGlobalSection
	GlobalSection(ProjectConfigurationPlatforms) = postSolution
		{939D6278-A8CE-41F9-BA44-A6454F605DC5}.Debug|Any CPU.ActiveCfg = Debug|Any CPU
		{939D6278-A8CE-41F9-BA44-A6454F605DC5}.Debug|Any CPU.Build.0 = Debug|Any CPU
		{939D6278-A8CE-41F9-BA44-A6454F605DC5}.Release|Any CPU.ActiveCfg = Release|Any CPU
		{939D6278-A8CE-41F9-BA44-A6454F605DC5}.Release|Any CPU.Build.0 = Release|Any CPU
	EndGlobalSection
	GlobalSection(SolutionProperties) = preSolution
		HideSolutionNode = FALSE
	EndGlobalSection
	GlobalSection(ExtensibilityGlobals) = postSolution
		SolutionGuid = {42823D2B-CBBE-4C31-B5FC-4FB9A9E99B7C}
	EndGlobalSection
EndGlobal
